
Microsoft Visual Studio Solution File, Format Version 12.00
# Visual Studio Version 17
VisualStudioVersion = 17.1.32421.90
MinimumVisualStudioVersion = 10.0.40219.1
Project("{FAE04EC0-301F-11D3-BF4B-00C04F79EFBC}") = "exercicio9", "exercicio9.csproj", "{87A04761-3C30-418E-AF02-8483E5764643}"
EndProject
Global
	GlobalSection(SolutionConfigurationPlatforms) = preSolution
		Debug|Any CPU = Debug|Any CPU
		Release|Any CPU = Release|Any CPU
	EndGlobalSection
	GlobalSection(ProjectConfigurationPlatforms) = postSolution
		{87A04761-3C30-418E-AF02-8483E5764643}.Debug|Any CPU.ActiveCfg = Debug|Any CPU
		{87A04761-3C30-418E-AF02-8483E5764643}.Debug|Any CPU.Build.0 = Debug|Any CPU
		{87A04761-3C30-418E-AF02-8483E5764643}.Release|Any CPU.ActiveCfg = Release|Any CPU
		{87A04761-3C30-418E-AF02-8483E5764643}.Release|Any CPU.Build.0 = Release|Any CPU
	EndGlobalSection
	GlobalSection(SolutionProperties) = preSolution
		HideSolutionNode = FALSE
	EndGlobalSection
	GlobalSection(ExtensibilityGlobals) = postSolution
		SolutionGuid = {ADB2544F-1E45-45EA-96FA-B0A546D95485}
	EndGlobalSection
EndGlobal
