
Microsoft Visual Studio Solution File, Format Version 12.00
# Visual Studio Version 17
VisualStudioVersion = 17.1.32421.90
MinimumVisualStudioVersion = 10.0.40219.1
Project("{FAE04EC0-301F-11D3-BF4B-00C04F79EFBC}") = "exercicio10", "exercicio10.csproj", "{AEC4AB67-352D-4608-AB0B-74AC954147B7}"
EndProject
Global
	GlobalSection(SolutionConfigurationPlatforms) = preSolution
		Debug|Any CPU = Debug|Any CPU
		Release|Any CPU = Release|Any CPU
	EndGlobalSection
	GlobalSection(ProjectConfigurationPlatforms) = postSolution
		{AEC4AB67-352D-4608-AB0B-74AC954147B7}.Debug|Any CPU.ActiveCfg = Debug|Any CPU
		{AEC4AB67-352D-4608-AB0B-74AC954147B7}.Debug|Any CPU.Build.0 = Debug|Any CPU
		{AEC4AB67-352D-4608-AB0B-74AC954147B7}.Release|Any CPU.ActiveCfg = Release|Any CPU
		{AEC4AB67-352D-4608-AB0B-74AC954147B7}.Release|Any CPU.Build.0 = Release|Any CPU
	EndGlobalSection
	GlobalSection(SolutionProperties) = preSolution
		HideSolutionNode = FALSE
	EndGlobalSection
	GlobalSection(ExtensibilityGlobals) = postSolution
		SolutionGuid = {BC05F688-7DEA-41B0-8427-CCA7A0F3A3C1}
	EndGlobalSection
EndGlobal
